
Microsoft Visual Studio Solution File, Format Version 12.00
# Visual Studio Version 16
VisualStudioVersion = 16.0.30114.105
MinimumVisualStudioVersion = 10.0.40219.1
Project("{FAE04EC0-301F-11D3-BF4B-00C04F79EFBC}") = "Lab7RegularExpressions", "Lab7RegularExpressions\Lab7RegularExpressions.csproj", "{A2A5C28F-B96B-4210-883C-A9749E955388}"
EndProject
Global
	GlobalSection(SolutionConfigurationPlatforms) = preSolution
		Debug|Any CPU = Debug|Any CPU
		Release|Any CPU = Release|Any CPU
	EndGlobalSection
	GlobalSection(ProjectConfigurationPlatforms) = postSolution
		{A2A5C28F-B96B-4210-883C-A9749E955388}.Debug|Any CPU.ActiveCfg = Debug|Any CPU
		{A2A5C28F-B96B-4210-883C-A9749E955388}.Debug|Any CPU.Build.0 = Debug|Any CPU
		{A2A5C28F-B96B-4210-883C-A9749E955388}.Release|Any CPU.ActiveCfg = Release|Any CPU
		{A2A5C28F-B96B-4210-883C-A9749E955388}.Release|Any CPU.Build.0 = Release|Any CPU
	EndGlobalSection
	GlobalSection(SolutionProperties) = preSolution
		HideSolutionNode = FALSE
	EndGlobalSection
	GlobalSection(ExtensibilityGlobals) = postSolution
		SolutionGuid = {6D632B01-B048-4EA5-8749-57131845F727}
	EndGlobalSection
EndGlobal
